
Microsoft Visual Studio Solution File, Format Version 12.00
# Visual Studio 15
VisualStudioVersion = 15.0.26430.6
MinimumVisualStudioVersion = 10.0.40219.1
Project("{FAE04EC0-301F-11D3-BF4B-00C04F79EFBC}") = "RuushApplication", "WindowsFormsApp1\RuushApplication.csproj", "{8760ABD7-C2A7-4B5E-A215-7CA2A228DB61}"
EndProject
Global
	GlobalSection(SolutionConfigurationPlatforms) = preSolution
		Debug|Any CPU = Debug|Any CPU
		Release|Any CPU = Release|Any CPU
	EndGlobalSection
	GlobalSection(ProjectConfigurationPlatforms) = postSolution
		{8760ABD7-C2A7-4B5E-A215-7CA2A228DB61}.Debug|Any CPU.ActiveCfg = Debug|Any CPU
		{8760ABD7-C2A7-4B5E-A215-7CA2A228DB61}.Debug|Any CPU.Build.0 = Debug|Any CPU
		{8760ABD7-C2A7-4B5E-A215-7CA2A228DB61}.Release|Any CPU.ActiveCfg = Release|Any CPU
		{8760ABD7-C2A7-4B5E-A215-7CA2A228DB61}.Release|Any CPU.Build.0 = Release|Any CPU
	EndGlobalSection
	GlobalSection(SolutionProperties) = preSolution
		HideSolutionNode = FALSE
	EndGlobalSection
	GlobalSection(ExtensibilityGlobals) = postSolution
		SolutionGuid = {45839D6A-2634-4E83-8C88-0C7595387C4D}
	EndGlobalSection
EndGlobal
